{
  "object": {
    "pins": [
      {
        "package": "APIErrorMiddleware",
        "repositoryURL": "https://github.com/skelpo/APIErrorMiddleware.git",
        "state": {
          "branch": null,
          "revision": "c8cd6bd0a26cd000c8625e839312e3ad77ccdc3b",
          "version": "0.3.5"
        }
      },
      {
        "package": "Auth",
        "repositoryURL": "https://github.com/vapor/auth.git",
        "state": {
          "branch": null,
          "revision": "8c783272bbef7490781e0879ae5e9b5ceced0ec0",
          "version": "2.0.0-rc.5"
        }
      },
      {
        "package": "Cryptor",
        "repositoryURL": "https://github.com/IBM-Swift/BlueCryptor.git",
        "state": {
          "branch": null,
          "revision": "30b6cf38322838d1e973e0626c6abf9602b03cf5",
          "version": "1.0.9"
        }
      },
      {
        "package": "Socket",
        "repositoryURL": "https://github.com/IBM-Swift/BlueSocket.git",
        "state": {
          "branch": null,
          "revision": "a75d816e175eb6094295e17bb6ad81f99189a398",
          "version": "1.0.14"
        }
      },
      {
        "package": "SSLService",
        "repositoryURL": "https://github.com/IBM-Swift/BlueSSLService.git",
        "state": {
          "branch": null,
          "revision": "8844622f67490f28dff8c34d136f8ed84a2a4664",
          "version": "1.0.14"
        }
      },
      {
        "package": "CommonCrypto",
        "repositoryURL": "https://github.com/IBM-Swift/CommonCrypto.git",
        "state": {
          "branch": null,
          "revision": "9156d238dbc4c15455b77b45e721b2bb0b995e31",
          "version": "1.0.0"
        }
      },
      {
        "package": "Console",
        "repositoryURL": "https://github.com/vapor/console.git",
        "state": {
          "branch": null,
          "revision": "5b9796d39f201b3dd06800437abd9d774a455e57",
          "version": "3.0.2"
        }
      },
      {
        "package": "Core",
        "repositoryURL": "https://github.com/vapor/core.git",
        "state": {
          "branch": null,
          "revision": "7f56a09995bf3c8df562be456bdcda405d9d0678",
          "version": "3.4.1"
        }
      },
      {
        "package": "Crypto",
        "repositoryURL": "https://github.com/vapor/crypto.git",
        "state": {
          "branch": null,
          "revision": "4b85405430df1892ee3aa1554bdb477e96cf46ad",
          "version": "3.2.0"
        }
      },
      {
        "package": "DatabaseKit",
        "repositoryURL": "https://github.com/vapor/database-kit.git",
        "state": {
          "branch": null,
          "revision": "7a01659316b9f033fa2150d5cd5e9d3c3e46c2e3",
          "version": "1.3.0"
        }
      },
      {
        "package": "Fluent",
        "repositoryURL": "https://github.com/vapor/fluent.git",
        "state": {
          "branch": null,
          "revision": "270b6fa372f03809b9795e8f8b9d1c31267a0ff3",
          "version": "3.0.0"
        }
      },
      {
        "package": "FluentPostgreSQL",
        "repositoryURL": "https://github.com/vapor/fluent-postgresql.git",
        "state": {
          "branch": null,
          "revision": "8e3eb9d24d54ac58c8d04c194ad6b24f0b1b667e",
          "version": "1.0.0"
        }
      },
      {
        "package": "HTTP",
        "repositoryURL": "https://github.com/vapor/http.git",
        "state": {
          "branch": null,
          "revision": "8123ea00e9858b369cd168d0303d33e7d3804d19",
          "version": "3.0.7"
        }
      },
      {
        "package": "JWT",
        "repositoryURL": "https://github.com/vapor/jwt.git",
        "state": {
          "branch": null,
          "revision": "de0dc5bbba60250c24c5c4b4d2505d7a71dd03ae",
          "version": "3.0.0-rc.2.1.2"
        }
      },
      {
        "package": "JWTMiddleware",
        "repositoryURL": "https://github.com/skelpo/JWTMiddleware.git",
        "state": {
          "branch": null,
          "revision": "7f176b3328c644a9f3802a7e39c325e7518f5c66",
          "version": "0.8.1"
        }
      },
      {
        "package": "JWTVapor",
        "repositoryURL": "https://github.com/skelpo/JWTVapor.git",
        "state": {
          "branch": null,
          "revision": "e9bcc3ae35facb45eeae3850812f846f6b0f8b08",
          "version": "0.11.1"
        }
      },
      {
        "package": "Leaf",
        "repositoryURL": "https://github.com/vapor/leaf.git",
        "state": {
          "branch": null,
          "revision": "a71cb0cd29ec88ee72baa00668c05e327114f27c",
          "version": "3.0.0-rc.2.2"
        }
      },
      {
        "package": "LoggerAPI",
        "repositoryURL": "https://github.com/IBM-Swift/LoggerAPI.git",
        "state": {
          "branch": null,
          "revision": "5041f2673aa75d6e973d9b6bd3956bc5068387c8",
          "version": "1.7.3"
        }
      },
      {
        "package": "Multipart",
        "repositoryURL": "https://github.com/vapor/multipart.git",
        "state": {
          "branch": null,
          "revision": "e57007c23a52b68e44ebdfc70cbe882a7c4f1ec3",
          "version": "3.0.2"
        }
      },
      {
        "package": "PerfectICONV",
        "repositoryURL": "https://github.com/PerfectSideRepos/Perfect-ICONV.git",
        "state": {
          "branch": null,
          "revision": "9158e26559b7e33eff6b9bd890fd1e80134dd3af",
          "version": "3.0.1"
        }
      },
      {
        "package": "PostgreSQL",
        "repositoryURL": "https://github.com/vapor/postgresql.git",
        "state": {
          "branch": null,
          "revision": "3fcc6263f94e836dd9b3722a37bfc61308c0b5f0",
          "version": "1.0.1"
        }
      },
      {
        "package": "Redis",
        "repositoryURL": "https://github.com/vapor/redis.git",
        "state": {
          "branch": null,
          "revision": "80c9032c70eddb7df5ffb28eddf4237ff3415ae8",
          "version": "3.0.0-rc.5"
        }
      },
      {
        "package": "Routing",
        "repositoryURL": "https://github.com/vapor/routing.git",
        "state": {
          "branch": null,
          "revision": "3219e328491b0853b8554c5a694add344d2c6cfb",
          "version": "3.0.1"
        }
      },
      {
        "package": "Service",
        "repositoryURL": "https://github.com/vapor/service.git",
        "state": {
          "branch": null,
          "revision": "281a70b69783891900be31a9e70051b6fe19e146",
          "version": "1.0.0"
        }
      },
      {
        "package": "SQL",
        "repositoryURL": "https://github.com/vapor/sql.git",
        "state": {
          "branch": null,
          "revision": "bfbaa048f9e655218611b65da470efa7deb16616",
          "version": "2.0.2"
        }
      },
      {
        "package": "swift-nio",
        "repositoryURL": "https://github.com/apple/swift-nio.git",
        "state": {
          "branch": null,
          "revision": "c6acf77fc9a310c0ebf8d5f73f285d1639801d2f",
          "version": "1.9.0"
        }
      },
      {
        "package": "swift-nio-ssl",
        "repositoryURL": "https://github.com/apple/swift-nio-ssl.git",
        "state": {
          "branch": null,
          "revision": "6617eb0d3afcb12170594968df01ca63afb58ac5",
          "version": "1.2.0"
        }
      },
      {
        "package": "swift-nio-ssl-support",
        "repositoryURL": "https://github.com/apple/swift-nio-ssl-support.git",
        "state": {
          "branch": null,
          "revision": "c02eec4e0e6d351cd092938cf44195a8e669f555",
          "version": "1.0.0"
        }
      },
      {
        "package": "swift-nio-zlib-support",
        "repositoryURL": "https://github.com/apple/swift-nio-zlib-support.git",
        "state": {
          "branch": null,
          "revision": "37760e9a52030bb9011972c5213c3350fa9d41fd",
          "version": "1.0.0"
        }
      },
      {
        "package": "SwiftSMTP",
        "repositoryURL": "https://github.com/IBM-Swift/Swift-SMTP.git",
        "state": {
          "branch": null,
          "revision": "54fbbb90df7c8e6dd952755701e4921c96b7d2d2",
          "version": "4.0.1"
        }
      },
      {
        "package": "SwiftSoup",
        "repositoryURL": "https://github.com/scinfu/SwiftSoup.git",
        "state": {
          "branch": null,
          "revision": "f445c9067d28346e828e615e2b43cb07b20bca35",
          "version": "1.7.2"
        }
      },
      {
        "package": "TemplateKit",
        "repositoryURL": "https://github.com/vapor/template-kit.git",
        "state": {
          "branch": null,
          "revision": "43b57b5861d5181b906ac6411d28645e980bb638",
          "version": "1.0.1"
        }
      },
      {
        "package": "URLEncodedForm",
        "repositoryURL": "https://github.com/vapor/url-encoded-form.git",
        "state": {
          "branch": null,
          "revision": "cbfe7ef6301557d3f2d0807a98165232ae06e1c6",
          "version": "1.0.4"
        }
      },
      {
        "package": "Validation",
        "repositoryURL": "https://github.com/vapor/validation.git",
        "state": {
          "branch": null,
          "revision": "ab6c5a352d97c8687b91ed4963aef8e7cfe0795b",
          "version": "2.0.0"
        }
      },
      {
        "package": "Vapor",
        "repositoryURL": "https://github.com/vapor/vapor.git",
        "state": {
          "branch": null,
          "revision": "54632a6c1e7ecd9923c0d00b612de936de1c4745",
          "version": "3.0.8"
        }
      },
      {
        "package": "VaporRequestStorage",
        "repositoryURL": "https://github.com/skelpo/vapor-request-storage.git",
        "state": {
          "branch": null,
          "revision": "8b78db172e07c6d616b85966177f195bed3936b2",
          "version": "0.4.0"
        }
      },
      {
        "package": "WebSocket",
        "repositoryURL": "https://github.com/vapor/websocket.git",
        "state": {
          "branch": null,
          "revision": "141cb4d3814dc8062cb0b2f43e72801b5dfcf272",
          "version": "1.0.1"
        }
      }
    ]
  },
  "version": 1
}
